
Microsoft Visual Studio Solution File, Format Version 12.00
# Visual Studio Version 17
VisualStudioVersion = 17.14.36221.1
MinimumVisualStudioVersion = 10.0.40219.1
Project("{FAE04EC0-301F-11D3-BF4B-00C04F79EFBC}") = "TattooStudio.Core", "TattooStudio.Core\TattooStudio.Core.csproj", "{6DD27614-DB04-45EC-ACE7-6AC7A0610AD7}"
EndProject
Project("{FAE04EC0-301F-11D3-BF4B-00C04F79EFBC}") = "TattooStudio.Application", "TattooStudio.Application\TattooStudio.Application.csproj", "{E9B83A13-3B55-4FB3-849A-1A47EE03735F}"
EndProject
Project("{FAE04EC0-301F-11D3-BF4B-00C04F79EFBC}") = "TattooStudio.Infrastructure", "TattooStudio.Infrastructure\TattooStudio.Infrastructure.csproj", "{3DA7A009-7FB7-4E44-BAE5-242C54E390D9}"
EndProject
Project("{FAE04EC0-301F-11D3-BF4B-00C04F79EFBC}") = "TattooStudio.WebUI", "TattooStudio.WebUI\TattooStudio.WebUI.csproj", "{E9D13262-4CD0-44F7-BBF7-6C45C7743A75}"
EndProject
Global
	GlobalSection(SolutionConfigurationPlatforms) = preSolution
		Debug|Any CPU = Debug|Any CPU
		Release|Any CPU = Release|Any CPU
	EndGlobalSection
	GlobalSection(ProjectConfigurationPlatforms) = postSolution
		{6DD27614-DB04-45EC-ACE7-6AC7A0610AD7}.Debug|Any CPU.ActiveCfg = Debug|Any CPU
		{6DD27614-DB04-45EC-ACE7-6AC7A0610AD7}.Debug|Any CPU.Build.0 = Debug|Any CPU
		{6DD27614-DB04-45EC-ACE7-6AC7A0610AD7}.Release|Any CPU.ActiveCfg = Release|Any CPU
		{6DD27614-DB04-45EC-ACE7-6AC7A0610AD7}.Release|Any CPU.Build.0 = Release|Any CPU
		{E9B83A13-3B55-4FB3-849A-1A47EE03735F}.Debug|Any CPU.ActiveCfg = Debug|Any CPU
		{E9B83A13-3B55-4FB3-849A-1A47EE03735F}.Debug|Any CPU.Build.0 = Debug|Any CPU
		{E9B83A13-3B55-4FB3-849A-1A47EE03735F}.Release|Any CPU.ActiveCfg = Release|Any CPU
		{E9B83A13-3B55-4FB3-849A-1A47EE03735F}.Release|Any CPU.Build.0 = Release|Any CPU
		{3DA7A009-7FB7-4E44-BAE5-242C54E390D9}.Debug|Any CPU.ActiveCfg = Debug|Any CPU
		{3DA7A009-7FB7-4E44-BAE5-242C54E390D9}.Debug|Any CPU.Build.0 = Debug|Any CPU
		{3DA7A009-7FB7-4E44-BAE5-242C54E390D9}.Release|Any CPU.ActiveCfg = Release|Any CPU
		{3DA7A009-7FB7-4E44-BAE5-242C54E390D9}.Release|Any CPU.Build.0 = Release|Any CPU
		{E9D13262-4CD0-44F7-BBF7-6C45C7743A75}.Debug|Any CPU.ActiveCfg = Debug|Any CPU
		{E9D13262-4CD0-44F7-BBF7-6C45C7743A75}.Debug|Any CPU.Build.0 = Debug|Any CPU
		{E9D13262-4CD0-44F7-BBF7-6C45C7743A75}.Release|Any CPU.ActiveCfg = Release|Any CPU
		{E9D13262-4CD0-44F7-BBF7-6C45C7743A75}.Release|Any CPU.Build.0 = Release|Any CPU
	EndGlobalSection
	GlobalSection(SolutionProperties) = preSolution
		HideSolutionNode = FALSE
	EndGlobalSection
	GlobalSection(ExtensibilityGlobals) = postSolution
		SolutionGuid = {1B3E53FC-94BF-4393-B2DB-EDE7A350AA80}
	EndGlobalSection
EndGlobal
